<?xml version="1.0" encoding="utf-8"?>
<Project ToolsVersion="4.0" xmlns="http://schemas.microsoft.com/developer/msbuild/2003">
  <ItemGroup>
    <Filter Include="Source Files">
      <UniqueIdentifier>{424c7090-8a5d-4bf6-bc90-9c43a1f753ee}</UniqueIdentifier>
      <Extensions>cpp;c;cxx;rc;def;r;odl;idl;hpj;bat</Extensions>
    </Filter>
    <Filter Include="Header Files">
      <UniqueIdentifier>{49e993c3-96c5-4162-b4b6-e9ebc2c276c0}</UniqueIdentifier>
      <Extensions>h;hpp;hxx;hm;inl</Extensions>
    </Filter>
    <Filter Include="Resource Files">
      <UniqueIdentifier>{0bda53aa-3ebc-4467-8fbf-4353cd2669d2}</UniqueIdentifier>
      <Extensions>ico;cur;bmp;dlg;rc2;rct;bin;rgs;gif;jpg;jpeg;jpe</Extensions>
    </Filter>
  </ItemGroup>
  <ItemGroup>
    <ClCompile Include="3DContourDoc.cpp">
      <Filter>Source Files</Filter>
    </ClCompile>
    <ClCompile Include="3DContourView.cpp">
      <Filter>Source Files</Filter>
    </ClCompile>
    <ClCompile Include="3DGrapher.cpp">
      <Filter>Source Files</Filter>
    </ClCompile>
    <ClCompile Include="ChildFrm.cpp">
      <Filter>Source Files</Filter>
    </ClCompile>
    <ClCompile Include="ContourDoc.cpp">
      <Filter>Source Files</Filter>
    </ClCompile>
    <ClCompile Include="ContourView.cpp">
      <Filter>Source Files</Filter>
    </ClCompile>
    <ClCompile Include="Dib.cpp">
      <Filter>Source Files</Filter>
    </ClCompile>
    <ClCompile Include="GLSurfaceView.cpp">
      <Filter>Source Files</Filter>
    </ClCompile>
    <ClCompile Include="InputReader.cpp">
      <Filter>Source Files</Filter>
    </ClCompile>
    <ClCompile Include="MainFrm.cpp">
      <Filter>Source Files</Filter>
    </ClCompile>
    <ClCompile Include="OptionDlg.cpp">
      <Filter>Source Files</Filter>
    </ClCompile>
    <ClCompile Include="StdAfx.cpp">
      <Filter>Source Files</Filter>
    </ClCompile>
    <ClCompile Include="Surfer.cpp">
      <Filter>Source Files</Filter>
    </ClCompile>
    <ClCompile Include="WaferPainter.cpp">
      <Filter>Source Files</Filter>
    </ClCompile>
    <ClCompile Include="WaferPainterDoc.cpp">
      <Filter>Source Files</Filter>
    </ClCompile>
    <ClCompile Include="WaferPainterView.cpp">
      <Filter>Source Files</Filter>
    </ClCompile>
    <ClCompile Include="GpuAlgo.cpp">
      <Filter>Source Files</Filter>
    </ClCompile>
  </ItemGroup>
  <ItemGroup>
    <ResourceCompile Include="WaferPainter.rc">
      <Filter>Source Files</Filter>
    </ResourceCompile>
  </ItemGroup>
  <ItemGroup>
    <ClInclude Include="3DContourDoc.h">
      <Filter>Header Files</Filter>
    </ClInclude>
    <ClInclude Include="3DContourView.h">
      <Filter>Header Files</Filter>
    </ClInclude>
    <ClInclude Include="3DData.h">
      <Filter>Header Files</Filter>
    </ClInclude>
    <ClInclude Include="3DGrapher.h">
      <Filter>Header Files</Filter>
    </ClInclude>
    <ClInclude Include="BaseData.h">
      <Filter>Header Files</Filter>
    </ClInclude>
    <ClInclude Include="BaseException.h">
      <Filter>Header Files</Filter>
    </ClInclude>
    <ClInclude Include="ChildFrm.h">
      <Filter>Header Files</Filter>
    </ClInclude>
    <ClInclude Include="ContourDoc.h">
      <Filter>Header Files</Filter>
    </ClInclude>
    <ClInclude Include="ContourView.h">
      <Filter>Header Files</Filter>
    </ClInclude>
    <ClInclude Include="Dib.h">
      <Filter>Header Files</Filter>
    </ClInclude>
    <ClInclude Include="GLSurfaceView.h">
      <Filter>Header Files</Filter>
    </ClInclude>
    <ClInclude Include="Grapher.h">
      <Filter>Header Files</Filter>
    </ClInclude>
    <ClInclude Include="Image.h">
      <Filter>Header Files</Filter>
    </ClInclude>
    <ClInclude Include="InputReader.h">
      <Filter>Header Files</Filter>
    </ClInclude>
    <ClInclude Include="Interpolater.h">
      <Filter>Header Files</Filter>
    </ClInclude>
    <ClInclude Include="InverseDist.h">
      <Filter>Header Files</Filter>
    </ClInclude>
    <ClInclude Include="Kriging.h">
      <Filter>Header Files</Filter>
    </ClInclude>
    <ClInclude Include="MainFrm.h">
      <Filter>Header Files</Filter>
    </ClInclude>
    <ClInclude Include="Matrix.h">
      <Filter>Header Files</Filter>
    </ClInclude>
    <ClInclude Include="Numeric.h">
      <Filter>Header Files</Filter>
    </ClInclude>
    <ClInclude Include="OptionDlg.h">
      <Filter>Header Files</Filter>
    </ClInclude>
    <ClInclude Include="Resource.h">
      <Filter>Header Files</Filter>
    </ClInclude>
    <ClInclude Include="StdAfx.h">
      <Filter>Header Files</Filter>
    </ClInclude>
    <ClInclude Include="Surfer.h">
      <Filter>Header Files</Filter>
    </ClInclude>
    <ClInclude Include="WaferPainter.h">
      <Filter>Header Files</Filter>
    </ClInclude>
    <ClInclude Include="WaferPainterDoc.h">
      <Filter>Header Files</Filter>
    </ClInclude>
    <ClInclude Include="WaferPainterView.h">
      <Filter>Header Files</Filter>
    </ClInclude>
    <ClInclude Include="GpuAlgo.h">
      <Filter>Header Files</Filter>
    </ClInclude>
  </ItemGroup>
  <ItemGroup>
    <Image Include="res\icon1.ico">
      <Filter>Resource Files</Filter>
    </Image>
    <Image Include="res\Toolbar.bmp">
      <Filter>Resource Files</Filter>
    </Image>
    <Image Include="res\WaferPainter.ico">
      <Filter>Resource Files</Filter>
    </Image>
    <Image Include="res\ico00001.ico">
      <Filter>Resource Files</Filter>
    </Image>
    <Image Include="res\263.ico">
      <Filter>Resource Files</Filter>
    </Image>
    <Image Include="..\..\..\Downloads\263.ico">
      <Filter>Resource Files</Filter>
    </Image>
    <Image Include="res\263.ico">
      <Filter>Resource Files</Filter>
    </Image>
    <Image Include="res\WaferPainterDoc.ico">
      <Filter>Resource Files</Filter>
    </Image>
  </ItemGroup>
  <ItemGroup>
    <Text Include="ReadMe.txt" />
  </ItemGroup>
  <ItemGroup>
    <CustomBuild Include="res\3dgmove.cur">
      <Filter>Resource Files</Filter>
    </CustomBuild>
    <CustomBuild Include="res\magnify.cur">
      <Filter>Resource Files</Filter>
    </CustomBuild>
    <CustomBuild Include="res\WaferPainter.rc2">
      <Filter>Resource Files</Filter>
    </CustomBuild>
    <CustomBuild Include="WaferPainter.reg" />
  </ItemGroup>
  <ItemGroup>
    <None Include="ClassDiagram.cd" />
  </ItemGroup>
</Project>