<?xml version="1.0" encoding="utf-8"?>
<Project ToolsVersion="4.0" xmlns="http://schemas.microsoft.com/developer/msbuild/2003">
  <ItemGroup>
    <Filter Include="Source Files">
      <UniqueIdentifier>{fda2a7a9-1ed7-4c03-a9e9-9bbe2ab14631}</UniqueIdentifier>
      <Extensions>cpp;c;cxx;rc;def;r;odl;idl;hpj;bat</Extensions>
    </Filter>
    <Filter Include="Header Files">
      <UniqueIdentifier>{a024d574-3952-4e7a-b907-b4b3b01ced4e}</UniqueIdentifier>
      <Extensions>h;hpp;hxx;hm;inl</Extensions>
    </Filter>
    <Filter Include="Resource Files">
      <UniqueIdentifier>{c9353c50-eedf-40b0-8afb-3f0bcfd8a606}</UniqueIdentifier>
      <Extensions>ico;cur;bmp;dlg;rc2;rct;bin;rgs;gif;jpg;jpeg;jpe</Extensions>
    </Filter>
  </ItemGroup>
  <ItemGroup>
    <ClCompile Include="2DMemAllocator.cpp">
      <Filter>Source Files</Filter>
    </ClCompile>
    <ClCompile Include="ClrFileDialog.cpp">
      <Filter>Source Files</Filter>
    </ClCompile>
    <ClCompile Include="ColorLookUpTable.cpp">
      <Filter>Source Files</Filter>
    </ClCompile>
    <ClCompile Include="Contour.cpp">
      <Filter>Source Files</Filter>
    </ClCompile>
    <ClCompile Include="ContourDrawer.cpp">
      <Filter>Source Files</Filter>
    </ClCompile>
    <ClCompile Include="ContourGenerator.cpp">
      <Filter>Source Files</Filter>
    </ClCompile>
    <ClCompile Include="ContourGeneratorDoc.cpp">
      <Filter>Source Files</Filter>
    </ClCompile>
    <ClCompile Include="ContourGeneratorView.cpp">
      <Filter>Source Files</Filter>
    </ClCompile>
    <ClCompile Include="ContourObj.cpp">
      <Filter>Source Files</Filter>
    </ClCompile>
    <ClCompile Include="ContourTracer.cpp">
      <Filter>Source Files</Filter>
    </ClCompile>
    <ClCompile Include="ContourValues.cpp">
      <Filter>Source Files</Filter>
    </ClCompile>
    <ClCompile Include="EditContourLevelDlg.cpp">
      <Filter>Source Files</Filter>
    </ClCompile>
    <ClCompile Include="GeoData.cpp">
      <Filter>Source Files</Filter>
    </ClCompile>
    <ClCompile Include="MainFrm.cpp">
      <Filter>Source Files</Filter>
    </ClCompile>
    <ClCompile Include="StdAfx.cpp">
      <Filter>Source Files</Filter>
    </ClCompile>
  </ItemGroup>
  <ItemGroup>
    <ResourceCompile Include="ContourGenerator.rc">
      <Filter>Source Files</Filter>
    </ResourceCompile>
  </ItemGroup>
  <ItemGroup>
    <ClInclude Include="2DMemAllocator.h">
      <Filter>Header Files</Filter>
    </ClInclude>
    <ClInclude Include="ClrFileDialog.h">
      <Filter>Header Files</Filter>
    </ClInclude>
    <ClInclude Include="ColorLookUpTable.h">
      <Filter>Header Files</Filter>
    </ClInclude>
    <ClInclude Include="Contour.h">
      <Filter>Header Files</Filter>
    </ClInclude>
    <ClInclude Include="ContourDrawer.h">
      <Filter>Header Files</Filter>
    </ClInclude>
    <ClInclude Include="ContourGenerator.h">
      <Filter>Header Files</Filter>
    </ClInclude>
    <ClInclude Include="ContourGeneratorDoc.h">
      <Filter>Header Files</Filter>
    </ClInclude>
    <ClInclude Include="ContourGeneratorView.h">
      <Filter>Header Files</Filter>
    </ClInclude>
    <ClInclude Include="ContourObj.h">
      <Filter>Header Files</Filter>
    </ClInclude>
    <ClInclude Include="ContourTracer.h">
      <Filter>Header Files</Filter>
    </ClInclude>
    <ClInclude Include="ContourValues.h">
      <Filter>Header Files</Filter>
    </ClInclude>
    <ClInclude Include="EditContourLevelDlg.h">
      <Filter>Header Files</Filter>
    </ClInclude>
    <ClInclude Include="GeoData.h">
      <Filter>Header Files</Filter>
    </ClInclude>
    <ClInclude Include="GeoStruct.h">
      <Filter>Header Files</Filter>
    </ClInclude>
    <ClInclude Include="MainFrm.h">
      <Filter>Header Files</Filter>
    </ClInclude>
    <ClInclude Include="Resource.h">
      <Filter>Header Files</Filter>
    </ClInclude>
    <ClInclude Include="StdAfx.h">
      <Filter>Header Files</Filter>
    </ClInclude>
  </ItemGroup>
  <ItemGroup>
    <Image Include="res\ContourGenerator.ico">
      <Filter>Resource Files</Filter>
    </Image>
    <Image Include="res\ContourGeneratorDoc.ico">
      <Filter>Resource Files</Filter>
    </Image>
    <Image Include="res\Toolbar.bmp">
      <Filter>Resource Files</Filter>
    </Image>
  </ItemGroup>
  <ItemGroup>
    <Text Include="ReadMe.txt" />
  </ItemGroup>
  <ItemGroup>
    <CustomBuild Include="res\ContourGenerator.rc2">
      <Filter>Resource Files</Filter>
    </CustomBuild>
  </ItemGroup>
</Project>